// !$*UTF8*$!
{
	archiveVersion = 1;
	classes = {
	};
	objectVersion = 56;
	objects = {

/* Begin PBXBuildFile section */
		0835CF292C08CBFF00EB3848 /* DetailViewModel.swift in Sources */ = {isa = PBXBuildFile; fileRef = 0835CF282C08CBFF00EB3848 /* DetailViewModel.swift */; };
		0835CF2B2C08D3BF00EB3848 /* BannerView.swift in Sources */ = {isa = PBXBuildFile; fileRef = 0835CF2A2C08D3BF00EB3848 /* BannerView.swift */; };
		0835CF2D2C08D3CC00EB3848 /* CatView.swift in Sources */ = {isa = PBXBuildFile; fileRef = 0835CF2C2C08D3CC00EB3848 /* CatView.swift */; };
		0835CF2F2C08D3D800EB3848 /* CategoryView.swift in Sources */ = {isa = PBXBuildFile; fileRef = 0835CF2E2C08D3D800EB3848 /* CategoryView.swift */; };
		0835CF312C08DDBF00EB3848 /* NetworkService.swift in Sources */ = {isa = PBXBuildFile; fileRef = 0835CF302C08DDBF00EB3848 /* NetworkService.swift */; };
		0835CF332C0A0DA000EB3848 /* BannerPlaceholder.swift in Sources */ = {isa = PBXBuildFile; fileRef = 0835CF322C0A0DA000EB3848 /* BannerPlaceholder.swift */; };
		0835CF352C0A104700EB3848 /* CatPlaceholder.swift in Sources */ = {isa = PBXBuildFile; fileRef = 0835CF342C0A104700EB3848 /* CatPlaceholder.swift */; };
		0835CF392C0A1F0000EB3848 /* CategoryPlaceholder.swift in Sources */ = {isa = PBXBuildFile; fileRef = 0835CF382C0A1F0000EB3848 /* CategoryPlaceholder.swift */; };
		0835CF3B2C0A1FC600EB3848 /* EndPointService.swift in Sources */ = {isa = PBXBuildFile; fileRef = 0835CF3A2C0A1FC600EB3848 /* EndPointService.swift */; };
		0835CF3F2C0A1FFE00EB3848 /* EndPoints.swift in Sources */ = {isa = PBXBuildFile; fileRef = 0835CF3E2C0A1FFE00EB3848 /* EndPoints.swift */; };
		0835CF452C0A271E00EB3848 /* RemoteImage.swift in Sources */ = {isa = PBXBuildFile; fileRef = 0835CF442C0A271E00EB3848 /* RemoteImage.swift */; };
		08A61D592C02AF1C00767CB0 /* CatAppApp.swift in Sources */ = {isa = PBXBuildFile; fileRef = 08A61D582C02AF1C00767CB0 /* CatAppApp.swift */; };
		08A61D5B2C02AF1C00767CB0 /* HomeScreenView.swift in Sources */ = {isa = PBXBuildFile; fileRef = 08A61D5A2C02AF1C00767CB0 /* HomeScreenView.swift */; };
		08A61D5D2C02AF1E00767CB0 /* Assets.xcassets in Resources */ = {isa = PBXBuildFile; fileRef = 08A61D5C2C02AF1E00767CB0 /* Assets.xcassets */; };
		08A61D602C02AF1E00767CB0 /* Preview Assets.xcassets in Resources */ = {isa = PBXBuildFile; fileRef = 08A61D5F2C02AF1E00767CB0 /* Preview Assets.xcassets */; };
		08A61D6A2C02AF1E00767CB0 /* CatAppTests.swift in Sources */ = {isa = PBXBuildFile; fileRef = 08A61D692C02AF1E00767CB0 /* CatAppTests.swift */; };
		08A61D742C02AF1E00767CB0 /* CatAppUITests.swift in Sources */ = {isa = PBXBuildFile; fileRef = 08A61D732C02AF1E00767CB0 /* CatAppUITests.swift */; };
		08A61D762C02AF1E00767CB0 /* CatAppUITestsLaunchTests.swift in Sources */ = {isa = PBXBuildFile; fileRef = 08A61D752C02AF1E00767CB0 /* CatAppUITestsLaunchTests.swift */; };
		08A61D862C02B31D00767CB0 /* Cat.swift in Sources */ = {isa = PBXBuildFile; fileRef = 08A61D852C02B31D00767CB0 /* Cat.swift */; };
		08A61D882C02B32E00767CB0 /* Banner.swift in Sources */ = {isa = PBXBuildFile; fileRef = 08A61D872C02B32E00767CB0 /* Banner.swift */; };
		08A61D8C2C02B6A200767CB0 /* NetworkManager.swift in Sources */ = {isa = PBXBuildFile; fileRef = 08A61D8B2C02B6A200767CB0 /* NetworkManager.swift */; };
		08A61D8F2C02B6F800767CB0 /* MockNetworkManager.swift in Sources */ = {isa = PBXBuildFile; fileRef = 08A61D8E2C02B6F800767CB0 /* MockNetworkManager.swift */; };
		08A61D942C02BA3E00767CB0 /* DetailView.swift in Sources */ = {isa = PBXBuildFile; fileRef = 08A61D932C02BA3E00767CB0 /* DetailView.swift */; };
		08A61D962C02BAA600767CB0 /* HomeScreenViewModel.swift in Sources */ = {isa = PBXBuildFile; fileRef = 08A61D952C02BAA600767CB0 /* HomeScreenViewModel.swift */; };
		08D0DB532C0E7A24000F417C /* ProfileView.swift in Sources */ = {isa = PBXBuildFile; fileRef = 08D0DB522C0E7A24000F417C /* ProfileView.swift */; };
		08D0DB552C10B610000F417C /* LoadStatus.swift in Sources */ = {isa = PBXBuildFile; fileRef = 08D0DB542C10B610000F417C /* LoadStatus.swift */; };
		08D0DB572C10D55E000F417C /* APIError.swift in Sources */ = {isa = PBXBuildFile; fileRef = 08D0DB562C10D55E000F417C /* APIError.swift */; };
		08D0DB592C10D6C5000F417C /* NetworkError.swift in Sources */ = {isa = PBXBuildFile; fileRef = 08D0DB582C10D6C5000F417C /* NetworkError.swift */; };
		08D0DB5B2C120E7C000F417C /* RequestService.swift in Sources */ = {isa = PBXBuildFile; fileRef = 08D0DB5A2C120E7C000F417C /* RequestService.swift */; };
		08D0DB5D2C1216BD000F417C /* BearerToken.swift in Sources */ = {isa = PBXBuildFile; fileRef = 08D0DB5C2C1216BD000F417C /* BearerToken.swift */; };
		08D0DB602C123EDB000F417C /* KeychainAccess.swift in Sources */ = {isa = PBXBuildFile; fileRef = 08D0DB5F2C123EDB000F417C /* KeychainAccess.swift */; };
		08D0DB622C12459E000F417C /* ProfileService.swift in Sources */ = {isa = PBXBuildFile; fileRef = 08D0DB612C12459E000F417C /* ProfileService.swift */; };
		08D0DB642C124CA8000F417C /* CatViewModel.swift in Sources */ = {isa = PBXBuildFile; fileRef = 08D0DB632C124CA8000F417C /* CatViewModel.swift */; };
		08D0DB662C12822D000F417C /* KeychainTokenKey.swift in Sources */ = {isa = PBXBuildFile; fileRef = 08D0DB652C12822D000F417C /* KeychainTokenKey.swift */; };
/* End PBXBuildFile section */

/* Begin PBXContainerItemProxy section */
		08A61D662C02AF1E00767CB0 /* PBXContainerItemProxy */ = {
			isa = PBXContainerItemProxy;
			containerPortal = 08A61D4D2C02AF1C00767CB0 /* Project object */;
			proxyType = 1;
			remoteGlobalIDString = 08A61D542C02AF1C00767CB0;
			remoteInfo = CatApp;
		};
		08A61D702C02AF1E00767CB0 /* PBXContainerItemProxy */ = {
			isa = PBXContainerItemProxy;
			containerPortal = 08A61D4D2C02AF1C00767CB0 /* Project object */;
			proxyType = 1;
			remoteGlobalIDString = 08A61D542C02AF1C00767CB0;
			remoteInfo = CatApp;
		};
/* End PBXContainerItemProxy section */

/* Begin PBXFileReference section */
		0835CF282C08CBFF00EB3848 /* DetailViewModel.swift */ = {isa = PBXFileReference; lastKnownFileType = sourcecode.swift; path = DetailViewModel.swift; sourceTree = "<group>"; };
		0835CF2A2C08D3BF00EB3848 /* BannerView.swift */ = {isa = PBXFileReference; lastKnownFileType = sourcecode.swift; path = BannerView.swift; sourceTree = "<group>"; };
		0835CF2C2C08D3CC00EB3848 /* CatView.swift */ = {isa = PBXFileReference; lastKnownFileType = sourcecode.swift; path = CatView.swift; sourceTree = "<group>"; };
		0835CF2E2C08D3D800EB3848 /* CategoryView.swift */ = {isa = PBXFileReference; lastKnownFileType = sourcecode.swift; path = CategoryView.swift; sourceTree = "<group>"; };
		0835CF302C08DDBF00EB3848 /* NetworkService.swift */ = {isa = PBXFileReference; lastKnownFileType = sourcecode.swift; path = NetworkService.swift; sourceTree = "<group>"; };
		0835CF322C0A0DA000EB3848 /* BannerPlaceholder.swift */ = {isa = PBXFileReference; lastKnownFileType = sourcecode.swift; path = BannerPlaceholder.swift; sourceTree = "<group>"; };
		0835CF342C0A104700EB3848 /* CatPlaceholder.swift */ = {isa = PBXFileReference; lastKnownFileType = sourcecode.swift; path = CatPlaceholder.swift; sourceTree = "<group>"; };
		0835CF382C0A1F0000EB3848 /* CategoryPlaceholder.swift */ = {isa = PBXFileReference; lastKnownFileType = sourcecode.swift; path = CategoryPlaceholder.swift; sourceTree = "<group>"; };
		0835CF3A2C0A1FC600EB3848 /* EndPointService.swift */ = {isa = PBXFileReference; lastKnownFileType = sourcecode.swift; path = EndPointService.swift; sourceTree = "<group>"; };
		0835CF3E2C0A1FFE00EB3848 /* EndPoints.swift */ = {isa = PBXFileReference; lastKnownFileType = sourcecode.swift; path = EndPoints.swift; sourceTree = "<group>"; };
		0835CF442C0A271E00EB3848 /* RemoteImage.swift */ = {isa = PBXFileReference; lastKnownFileType = sourcecode.swift; path = RemoteImage.swift; sourceTree = "<group>"; };
		08A61D552C02AF1C00767CB0 /* CatApp.app */ = {isa = PBXFileReference; explicitFileType = wrapper.application; includeInIndex = 0; path = CatApp.app; sourceTree = BUILT_PRODUCTS_DIR; };
		08A61D582C02AF1C00767CB0 /* CatAppApp.swift */ = {isa = PBXFileReference; lastKnownFileType = sourcecode.swift; path = CatAppApp.swift; sourceTree = "<group>"; };
		08A61D5A2C02AF1C00767CB0 /* HomeScreenView.swift */ = {isa = PBXFileReference; lastKnownFileType = sourcecode.swift; path = HomeScreenView.swift; sourceTree = "<group>"; };
		08A61D5C2C02AF1E00767CB0 /* Assets.xcassets */ = {isa = PBXFileReference; lastKnownFileType = folder.assetcatalog; path = Assets.xcassets; sourceTree = "<group>"; };
		08A61D5F2C02AF1E00767CB0 /* Preview Assets.xcassets */ = {isa = PBXFileReference; lastKnownFileType = folder.assetcatalog; path = "Preview Assets.xcassets"; sourceTree = "<group>"; };
		08A61D652C02AF1E00767CB0 /* CatAppTests.xctest */ = {isa = PBXFileReference; explicitFileType = wrapper.cfbundle; includeInIndex = 0; path = CatAppTests.xctest; sourceTree = BUILT_PRODUCTS_DIR; };
		08A61D692C02AF1E00767CB0 /* CatAppTests.swift */ = {isa = PBXFileReference; lastKnownFileType = sourcecode.swift; path = CatAppTests.swift; sourceTree = "<group>"; };
		08A61D6F2C02AF1E00767CB0 /* CatAppUITests.xctest */ = {isa = PBXFileReference; explicitFileType = wrapper.cfbundle; includeInIndex = 0; path = CatAppUITests.xctest; sourceTree = BUILT_PRODUCTS_DIR; };
		08A61D732C02AF1E00767CB0 /* CatAppUITests.swift */ = {isa = PBXFileReference; lastKnownFileType = sourcecode.swift; path = CatAppUITests.swift; sourceTree = "<group>"; };
		08A61D752C02AF1E00767CB0 /* CatAppUITestsLaunchTests.swift */ = {isa = PBXFileReference; lastKnownFileType = sourcecode.swift; path = CatAppUITestsLaunchTests.swift; sourceTree = "<group>"; };
		08A61D852C02B31D00767CB0 /* Cat.swift */ = {isa = PBXFileReference; lastKnownFileType = sourcecode.swift; path = Cat.swift; sourceTree = "<group>"; };
		08A61D872C02B32E00767CB0 /* Banner.swift */ = {isa = PBXFileReference; lastKnownFileType = sourcecode.swift; path = Banner.swift; sourceTree = "<group>"; };
		08A61D8B2C02B6A200767CB0 /* NetworkManager.swift */ = {isa = PBXFileReference; lastKnownFileType = sourcecode.swift; path = NetworkManager.swift; sourceTree = "<group>"; };
		08A61D8E2C02B6F800767CB0 /* MockNetworkManager.swift */ = {isa = PBXFileReference; lastKnownFileType = sourcecode.swift; path = MockNetworkManager.swift; sourceTree = "<group>"; };
		08A61D932C02BA3E00767CB0 /* DetailView.swift */ = {isa = PBXFileReference; lastKnownFileType = sourcecode.swift; path = DetailView.swift; sourceTree = "<group>"; };
		08A61D952C02BAA600767CB0 /* HomeScreenViewModel.swift */ = {isa = PBXFileReference; lastKnownFileType = sourcecode.swift; path = HomeScreenViewModel.swift; sourceTree = "<group>"; };
		08D0DB522C0E7A24000F417C /* ProfileView.swift */ = {isa = PBXFileReference; lastKnownFileType = sourcecode.swift; path = ProfileView.swift; sourceTree = "<group>"; };
		08D0DB542C10B610000F417C /* LoadStatus.swift */ = {isa = PBXFileReference; lastKnownFileType = sourcecode.swift; path = LoadStatus.swift; sourceTree = "<group>"; };
		08D0DB562C10D55E000F417C /* APIError.swift */ = {isa = PBXFileReference; fileEncoding = 4; lastKnownFileType = sourcecode.swift; path = APIError.swift; sourceTree = "<group>"; };
		08D0DB582C10D6C5000F417C /* NetworkError.swift */ = {isa = PBXFileReference; lastKnownFileType = sourcecode.swift; path = NetworkError.swift; sourceTree = "<group>"; };
		08D0DB5A2C120E7C000F417C /* RequestService.swift */ = {isa = PBXFileReference; lastKnownFileType = sourcecode.swift; path = RequestService.swift; sourceTree = "<group>"; };
		08D0DB5C2C1216BD000F417C /* BearerToken.swift */ = {isa = PBXFileReference; lastKnownFileType = sourcecode.swift; path = BearerToken.swift; sourceTree = "<group>"; };
		08D0DB5F2C123EDB000F417C /* KeychainAccess.swift */ = {isa = PBXFileReference; lastKnownFileType = sourcecode.swift; path = KeychainAccess.swift; sourceTree = "<group>"; };
		08D0DB612C12459E000F417C /* ProfileService.swift */ = {isa = PBXFileReference; lastKnownFileType = sourcecode.swift; path = ProfileService.swift; sourceTree = "<group>"; };
		08D0DB632C124CA8000F417C /* CatViewModel.swift */ = {isa = PBXFileReference; lastKnownFileType = sourcecode.swift; path = CatViewModel.swift; sourceTree = "<group>"; };
		08D0DB652C12822D000F417C /* KeychainTokenKey.swift */ = {isa = PBXFileReference; lastKnownFileType = sourcecode.swift; path = KeychainTokenKey.swift; sourceTree = "<group>"; };
/* End PBXFileReference section */

/* Begin PBXFrameworksBuildPhase section */
		08A61D522C02AF1C00767CB0 /* Frameworks */ = {
			isa = PBXFrameworksBuildPhase;
			buildActionMask = 2147483647;
			files = (
			);
			runOnlyForDeploymentPostprocessing = 0;
		};
		08A61D622C02AF1E00767CB0 /* Frameworks */ = {
			isa = PBXFrameworksBuildPhase;
			buildActionMask = 2147483647;
			files = (
			);
			runOnlyForDeploymentPostprocessing = 0;
		};
		08A61D6C2C02AF1E00767CB0 /* Frameworks */ = {
			isa = PBXFrameworksBuildPhase;
			buildActionMask = 2147483647;
			files = (
			);
			runOnlyForDeploymentPostprocessing = 0;
		};
/* End PBXFrameworksBuildPhase section */

/* Begin PBXGroup section */
		0835CF362C0A108400EB3848 /* Placeholders */ = {
			isa = PBXGroup;
			children = (
				0835CF322C0A0DA000EB3848 /* BannerPlaceholder.swift */,
				0835CF342C0A104700EB3848 /* CatPlaceholder.swift */,
				0835CF382C0A1F0000EB3848 /* CategoryPlaceholder.swift */,
			);
			path = Placeholders;
			sourceTree = "<group>";
		};
		0835CF372C0A108C00EB3848 /* Loading Views */ = {
			isa = PBXGroup;
			children = (
			);
			path = "Loading Views";
			sourceTree = "<group>";
		};
		08A61D4C2C02AF1C00767CB0 = {
			isa = PBXGroup;
			children = (
				08A61D572C02AF1C00767CB0 /* CatApp */,
				08A61D682C02AF1E00767CB0 /* CatAppTests */,
				08A61D722C02AF1E00767CB0 /* CatAppUITests */,
				08A61D562C02AF1C00767CB0 /* Products */,
			);
			sourceTree = "<group>";
		};
		08A61D562C02AF1C00767CB0 /* Products */ = {
			isa = PBXGroup;
			children = (
				08A61D552C02AF1C00767CB0 /* CatApp.app */,
				08A61D652C02AF1E00767CB0 /* CatAppTests.xctest */,
				08A61D6F2C02AF1E00767CB0 /* CatAppUITests.xctest */,
			);
			name = Products;
			sourceTree = "<group>";
		};
		08A61D572C02AF1C00767CB0 /* CatApp */ = {
			isa = PBXGroup;
			children = (
				08D0DB5E2C123ECA000F417C /* Keychain */,
				08A61D8A2C02B68800767CB0 /* Protocols */,
				08A61D5C2C02AF1E00767CB0 /* Assets.xcassets */,
				08A61D582C02AF1C00767CB0 /* CatAppApp.swift */,
				08A61D842C02B2EC00767CB0 /* ViewModels */,
				08A61D832C02B2E600767CB0 /* Views */,
				08A61D8D2C02B6DD00767CB0 /* Networking */,
				08A61D822C02B2DD00767CB0 /* Models */,
				08A61D5E2C02AF1E00767CB0 /* Preview Content */,
				08D0DB542C10B610000F417C /* LoadStatus.swift */,
			);
			path = CatApp;
			sourceTree = "<group>";
		};
		08A61D5E2C02AF1E00767CB0 /* Preview Content */ = {
			isa = PBXGroup;
			children = (
				08A61D5F2C02AF1E00767CB0 /* Preview Assets.xcassets */,
			);
			path = "Preview Content";
			sourceTree = "<group>";
		};
		08A61D682C02AF1E00767CB0 /* CatAppTests */ = {
			isa = PBXGroup;
			children = (
				08A61D692C02AF1E00767CB0 /* CatAppTests.swift */,
			);
			path = CatAppTests;
			sourceTree = "<group>";
		};
		08A61D722C02AF1E00767CB0 /* CatAppUITests */ = {
			isa = PBXGroup;
			children = (
				08A61D732C02AF1E00767CB0 /* CatAppUITests.swift */,
				08A61D752C02AF1E00767CB0 /* CatAppUITestsLaunchTests.swift */,
			);
			path = CatAppUITests;
			sourceTree = "<group>";
		};
		08A61D822C02B2DD00767CB0 /* Models */ = {
			isa = PBXGroup;
			children = (
				08A61D852C02B31D00767CB0 /* Cat.swift */,
				08A61D872C02B32E00767CB0 /* Banner.swift */,
				08D0DB5C2C1216BD000F417C /* BearerToken.swift */,
			);
			path = Models;
			sourceTree = "<group>";
		};
		08A61D832C02B2E600767CB0 /* Views */ = {
			isa = PBXGroup;
			children = (
				0835CF372C0A108C00EB3848 /* Loading Views */,
				0835CF362C0A108400EB3848 /* Placeholders */,
				08A61D5A2C02AF1C00767CB0 /* HomeScreenView.swift */,
				08A61D932C02BA3E00767CB0 /* DetailView.swift */,
				0835CF2A2C08D3BF00EB3848 /* BannerView.swift */,
				0835CF2C2C08D3CC00EB3848 /* CatView.swift */,
				0835CF2E2C08D3D800EB3848 /* CategoryView.swift */,
				08D0DB522C0E7A24000F417C /* ProfileView.swift */,
				0835CF442C0A271E00EB3848 /* RemoteImage.swift */,
			);
			path = Views;
			sourceTree = "<group>";
		};
		08A61D842C02B2EC00767CB0 /* ViewModels */ = {
			isa = PBXGroup;
			children = (
				08A61D952C02BAA600767CB0 /* HomeScreenViewModel.swift */,
				0835CF282C08CBFF00EB3848 /* DetailViewModel.swift */,
				08D0DB612C12459E000F417C /* ProfileService.swift */,
				08D0DB632C124CA8000F417C /* CatViewModel.swift */,
			);
			path = ViewModels;
			sourceTree = "<group>";
		};
		08A61D8A2C02B68800767CB0 /* Protocols */ = {
			isa = PBXGroup;
			children = (
				08A61D8B2C02B6A200767CB0 /* NetworkManager.swift */,
			);
			path = Protocols;
			sourceTree = "<group>";
		};
		08A61D8D2C02B6DD00767CB0 /* Networking */ = {
			isa = PBXGroup;
			children = (
				08A61D8E2C02B6F800767CB0 /* MockNetworkManager.swift */,
				0835CF302C08DDBF00EB3848 /* NetworkService.swift */,
				0835CF3A2C0A1FC600EB3848 /* EndPointService.swift */,
				08D0DB5A2C120E7C000F417C /* RequestService.swift */,
				0835CF3E2C0A1FFE00EB3848 /* EndPoints.swift */,
				08D0DB582C10D6C5000F417C /* NetworkError.swift */,
				08D0DB562C10D55E000F417C /* APIError.swift */,
				08D0DB652C12822D000F417C /* KeychainTokenKey.swift */,
			);
			path = Networking;
			sourceTree = "<group>";
		};
		08D0DB5E2C123ECA000F417C /* Keychain */ = {
			isa = PBXGroup;
			children = (
				08D0DB5F2C123EDB000F417C /* KeychainAccess.swift */,
			);
			path = Keychain;
			sourceTree = "<group>";
		};
/* End PBXGroup section */

/* Begin PBXNativeTarget section */
		08A61D542C02AF1C00767CB0 /* CatApp */ = {
			isa = PBXNativeTarget;
			buildConfigurationList = 08A61D792C02AF1E00767CB0 /* Build configuration list for PBXNativeTarget "CatApp" */;
			buildPhases = (
				08A61D512C02AF1C00767CB0 /* Sources */,
				08A61D522C02AF1C00767CB0 /* Frameworks */,
				08A61D532C02AF1C00767CB0 /* Resources */,
			);
			buildRules = (
			);
			dependencies = (
			);
			name = CatApp;
			productName = CatApp;
			productReference = 08A61D552C02AF1C00767CB0 /* CatApp.app */;
			productType = "com.apple.product-type.application";
		};
		08A61D642C02AF1E00767CB0 /* CatAppTests */ = {
			isa = PBXNativeTarget;
			buildConfigurationList = 08A61D7C2C02AF1E00767CB0 /* Build configuration list for PBXNativeTarget "CatAppTests" */;
			buildPhases = (
				08A61D612C02AF1E00767CB0 /* Sources */,
				08A61D622C02AF1E00767CB0 /* Frameworks */,
				08A61D632C02AF1E00767CB0 /* Resources */,
			);
			buildRules = (
			);
			dependencies = (
				08A61D672C02AF1E00767CB0 /* PBXTargetDependency */,
			);
			name = CatAppTests;
			productName = CatAppTests;
			productReference = 08A61D652C02AF1E00767CB0 /* CatAppTests.xctest */;
			productType = "com.apple.product-type.bundle.unit-test";
		};
		08A61D6E2C02AF1E00767CB0 /* CatAppUITests */ = {
			isa = PBXNativeTarget;
			buildConfigurationList = 08A61D7F2C02AF1E00767CB0 /* Build configuration list for PBXNativeTarget "CatAppUITests" */;
			buildPhases = (
				08A61D6B2C02AF1E00767CB0 /* Sources */,
				08A61D6C2C02AF1E00767CB0 /* Frameworks */,
				08A61D6D2C02AF1E00767CB0 /* Resources */,
			);
			buildRules = (
			);
			dependencies = (
				08A61D712C02AF1E00767CB0 /* PBXTargetDependency */,
			);
			name = CatAppUITests;
			productName = CatAppUITests;
			productReference = 08A61D6F2C02AF1E00767CB0 /* CatAppUITests.xctest */;
			productType = "com.apple.product-type.bundle.ui-testing";
		};
/* End PBXNativeTarget section */

/* Begin PBXProject section */
		08A61D4D2C02AF1C00767CB0 /* Project object */ = {
			isa = PBXProject;
			attributes = {
				BuildIndependentTargetsInParallel = 1;
				LastSwiftUpdateCheck = 1500;
				LastUpgradeCheck = 1500;
				TargetAttributes = {
					08A61D542C02AF1C00767CB0 = {
						CreatedOnToolsVersion = 15.0;
					};
					08A61D642C02AF1E00767CB0 = {
						CreatedOnToolsVersion = 15.0;
						TestTargetID = 08A61D542C02AF1C00767CB0;
					};
					08A61D6E2C02AF1E00767CB0 = {
						CreatedOnToolsVersion = 15.0;
						TestTargetID = 08A61D542C02AF1C00767CB0;
					};
				};
			};
			buildConfigurationList = 08A61D502C02AF1C00767CB0 /* Build configuration list for PBXProject "CatApp" */;
			compatibilityVersion = "Xcode 14.0";
			developmentRegion = en;
			hasScannedForEncodings = 0;
			knownRegions = (
				en,
				Base,
			);
			mainGroup = 08A61D4C2C02AF1C00767CB0;
			productRefGroup = 08A61D562C02AF1C00767CB0 /* Products */;
			projectDirPath = "";
			projectRoot = "";
			targets = (
				08A61D542C02AF1C00767CB0 /* CatApp */,
				08A61D642C02AF1E00767CB0 /* CatAppTests */,
				08A61D6E2C02AF1E00767CB0 /* CatAppUITests */,
			);
		};
/* End PBXProject section */

/* Begin PBXResourcesBuildPhase section */
		08A61D532C02AF1C00767CB0 /* Resources */ = {
			isa = PBXResourcesBuildPhase;
			buildActionMask = 2147483647;
			files = (
				08A61D602C02AF1E00767CB0 /* Preview Assets.xcassets in Resources */,
				08A61D5D2C02AF1E00767CB0 /* Assets.xcassets in Resources */,
			);
			runOnlyForDeploymentPostprocessing = 0;
		};
		08A61D632C02AF1E00767CB0 /* Resources */ = {
			isa = PBXResourcesBuildPhase;
			buildActionMask = 2147483647;
			files = (
			);
			runOnlyForDeploymentPostprocessing = 0;
		};
		08A61D6D2C02AF1E00767CB0 /* Resources */ = {
			isa = PBXResourcesBuildPhase;
			buildActionMask = 2147483647;
			files = (
			);
			runOnlyForDeploymentPostprocessing = 0;
		};
/* End PBXResourcesBuildPhase section */

/* Begin PBXSourcesBuildPhase section */
		08A61D512C02AF1C00767CB0 /* Sources */ = {
			isa = PBXSourcesBuildPhase;
			buildActionMask = 2147483647;
			files = (
				0835CF2B2C08D3BF00EB3848 /* BannerView.swift in Sources */,
				08D0DB642C124CA8000F417C /* CatViewModel.swift in Sources */,
				08D0DB5B2C120E7C000F417C /* RequestService.swift in Sources */,
				08A61D8F2C02B6F800767CB0 /* MockNetworkManager.swift in Sources */,
				08D0DB622C12459E000F417C /* ProfileService.swift in Sources */,
				08D0DB662C12822D000F417C /* KeychainTokenKey.swift in Sources */,
				08D0DB592C10D6C5000F417C /* NetworkError.swift in Sources */,
				0835CF2F2C08D3D800EB3848 /* CategoryView.swift in Sources */,
				08A61D962C02BAA600767CB0 /* HomeScreenViewModel.swift in Sources */,
				0835CF2D2C08D3CC00EB3848 /* CatView.swift in Sources */,
				08D0DB552C10B610000F417C /* LoadStatus.swift in Sources */,
				0835CF3B2C0A1FC600EB3848 /* EndPointService.swift in Sources */,
				0835CF392C0A1F0000EB3848 /* CategoryPlaceholder.swift in Sources */,
				0835CF332C0A0DA000EB3848 /* BannerPlaceholder.swift in Sources */,
				0835CF3F2C0A1FFE00EB3848 /* EndPoints.swift in Sources */,
				08A61D5B2C02AF1C00767CB0 /* HomeScreenView.swift in Sources */,
				08A61D882C02B32E00767CB0 /* Banner.swift in Sources */,
				08D0DB5D2C1216BD000F417C /* BearerToken.swift in Sources */,
				0835CF292C08CBFF00EB3848 /* DetailViewModel.swift in Sources */,
				08A61D942C02BA3E00767CB0 /* DetailView.swift in Sources */,
				0835CF452C0A271E00EB3848 /* RemoteImage.swift in Sources */,
				08A61D8C2C02B6A200767CB0 /* NetworkManager.swift in Sources */,
				08D0DB532C0E7A24000F417C /* ProfileView.swift in Sources */,
				0835CF352C0A104700EB3848 /* CatPlaceholder.swift in Sources */,
				08A61D592C02AF1C00767CB0 /* CatAppApp.swift in Sources */,
				0835CF312C08DDBF00EB3848 /* NetworkService.swift in Sources */,
				08A61D862C02B31D00767CB0 /* Cat.swift in Sources */,
				08D0DB572C10D55E000F417C /* APIError.swift in Sources */,
				08D0DB602C123EDB000F417C /* KeychainAccess.swift in Sources */,
			);
			runOnlyForDeploymentPostprocessing = 0;
		};
		08A61D612C02AF1E00767CB0 /* Sources */ = {
			isa = PBXSourcesBuildPhase;
			buildActionMask = 2147483647;
			files = (
				08A61D6A2C02AF1E00767CB0 /* CatAppTests.swift in Sources */,
			);
			runOnlyForDeploymentPostprocessing = 0;
		};
		08A61D6B2C02AF1E00767CB0 /* Sources */ = {
			isa = PBXSourcesBuildPhase;
			buildActionMask = 2147483647;
			files = (
				08A61D742C02AF1E00767CB0 /* CatAppUITests.swift in Sources */,
				08A61D762C02AF1E00767CB0 /* CatAppUITestsLaunchTests.swift in Sources */,
			);
			runOnlyForDeploymentPostprocessing = 0;
		};
/* End PBXSourcesBuildPhase section */

/* Begin PBXTargetDependency section */
		08A61D672C02AF1E00767CB0 /* PBXTargetDependency */ = {
			isa = PBXTargetDependency;
			target = 08A61D542C02AF1C00767CB0 /* CatApp */;
			targetProxy = 08A61D662C02AF1E00767CB0 /* PBXContainerItemProxy */;
		};
		08A61D712C02AF1E00767CB0 /* PBXTargetDependency */ = {
			isa = PBXTargetDependency;
			target = 08A61D542C02AF1C00767CB0 /* CatApp */;
			targetProxy = 08A61D702C02AF1E00767CB0 /* PBXContainerItemProxy */;
		};
/* End PBXTargetDependency section */

/* Begin XCBuildConfiguration section */
		08A61D772C02AF1E00767CB0 /* Debug */ = {
			isa = XCBuildConfiguration;
			buildSettings = {
				ALWAYS_SEARCH_USER_PATHS = NO;
				ASSETCATALOG_COMPILER_GENERATE_SWIFT_ASSET_SYMBOL_EXTENSIONS = YES;
				CLANG_ANALYZER_NONNULL = YES;
				CLANG_ANALYZER_NUMBER_OBJECT_CONVERSION = YES_AGGRESSIVE;
				CLANG_CXX_LANGUAGE_STANDARD = "gnu++20";
				CLANG_ENABLE_MODULES = YES;
				CLANG_ENABLE_OBJC_ARC = YES;
				CLANG_ENABLE_OBJC_WEAK = YES;
				CLANG_WARN_BLOCK_CAPTURE_AUTORELEASING = YES;
				CLANG_WARN_BOOL_CONVERSION = YES;
				CLANG_WARN_COMMA = YES;
				CLANG_WARN_CONSTANT_CONVERSION = YES;
				CLANG_WARN_DEPRECATED_OBJC_IMPLEMENTATIONS = YES;
				CLANG_WARN_DIRECT_OBJC_ISA_USAGE = YES_ERROR;
				CLANG_WARN_DOCUMENTATION_COMMENTS = YES;
				CLANG_WARN_EMPTY_BODY = YES;
				CLANG_WARN_ENUM_CONVERSION = YES;
				CLANG_WARN_INFINITE_RECURSION = YES;
				CLANG_WARN_INT_CONVERSION = YES;
				CLANG_WARN_NON_LITERAL_NULL_CONVERSION = YES;
				CLANG_WARN_OBJC_IMPLICIT_RETAIN_SELF = YES;
				CLANG_WARN_OBJC_LITERAL_CONVERSION = YES;
				CLANG_WARN_OBJC_ROOT_CLASS = YES_ERROR;
				CLANG_WARN_QUOTED_INCLUDE_IN_FRAMEWORK_HEADER = YES;
				CLANG_WARN_RANGE_LOOP_ANALYSIS = YES;
				CLANG_WARN_STRICT_PROTOTYPES = YES;
				CLANG_WARN_SUSPICIOUS_MOVE = YES;
				CLANG_WARN_UNGUARDED_AVAILABILITY = YES_AGGRESSIVE;
				CLANG_WARN_UNREACHABLE_CODE = YES;
				CLANG_WARN__DUPLICATE_METHOD_MATCH = YES;
				COPY_PHASE_STRIP = NO;
				DEBUG_INFORMATION_FORMAT = dwarf;
				ENABLE_STRICT_OBJC_MSGSEND = YES;
				ENABLE_TESTABILITY = YES;
				ENABLE_USER_SCRIPT_SANDBOXING = YES;
				GCC_C_LANGUAGE_STANDARD = gnu17;
				GCC_DYNAMIC_NO_PIC = NO;
				GCC_NO_COMMON_BLOCKS = YES;
				GCC_OPTIMIZATION_LEVEL = 0;
				GCC_PREPROCESSOR_DEFINITIONS = (
					"DEBUG=1",
					"$(inherited)",
				);
				GCC_WARN_64_TO_32_BIT_CONVERSION = YES;
				GCC_WARN_ABOUT_RETURN_TYPE = YES_ERROR;
				GCC_WARN_UNDECLARED_SELECTOR = YES;
				GCC_WARN_UNINITIALIZED_AUTOS = YES_AGGRESSIVE;
				GCC_WARN_UNUSED_FUNCTION = YES;
				GCC_WARN_UNUSED_VARIABLE = YES;
				IPHONEOS_DEPLOYMENT_TARGET = 17.0;
				LOCALIZATION_PREFERS_STRING_CATALOGS = YES;
				MTL_ENABLE_DEBUG_INFO = INCLUDE_SOURCE;
				MTL_FAST_MATH = YES;
				ONLY_ACTIVE_ARCH = YES;
				SDKROOT = iphoneos;
				SWIFT_ACTIVE_COMPILATION_CONDITIONS = "DEBUG $(inherited)";
				SWIFT_OPTIMIZATION_LEVEL = "-Onone";
			};
			name = Debug;
		};
		08A61D782C02AF1E00767CB0 /* Release */ = {
			isa = XCBuildConfiguration;
			buildSettings = {
				ALWAYS_SEARCH_USER_PATHS = NO;
				ASSETCATALOG_COMPILER_GENERATE_SWIFT_ASSET_SYMBOL_EXTENSIONS = YES;
				CLANG_ANALYZER_NONNULL = YES;
				CLANG_ANALYZER_NUMBER_OBJECT_CONVERSION = YES_AGGRESSIVE;
				CLANG_CXX_LANGUAGE_STANDARD = "gnu++20";
				CLANG_ENABLE_MODULES = YES;
				CLANG_ENABLE_OBJC_ARC = YES;
				CLANG_ENABLE_OBJC_WEAK = YES;
				CLANG_WARN_BLOCK_CAPTURE_AUTORELEASING = YES;
				CLANG_WARN_BOOL_CONVERSION = YES;
				CLANG_WARN_COMMA = YES;
				CLANG_WARN_CONSTANT_CONVERSION = YES;
				CLANG_WARN_DEPRECATED_OBJC_IMPLEMENTATIONS = YES;
				CLANG_WARN_DIRECT_OBJC_ISA_USAGE = YES_ERROR;
				CLANG_WARN_DOCUMENTATION_COMMENTS = YES;
				CLANG_WARN_EMPTY_BODY = YES;
				CLANG_WARN_ENUM_CONVERSION = YES;
				CLANG_WARN_INFINITE_RECURSION = YES;
				CLANG_WARN_INT_CONVERSION = YES;
				CLANG_WARN_NON_LITERAL_NULL_CONVERSION = YES;
				CLANG_WARN_OBJC_IMPLICIT_RETAIN_SELF = YES;
				CLANG_WARN_OBJC_LITERAL_CONVERSION = YES;
				CLANG_WARN_OBJC_ROOT_CLASS = YES_ERROR;
				CLANG_WARN_QUOTED_INCLUDE_IN_FRAMEWORK_HEADER = YES;
				CLANG_WARN_RANGE_LOOP_ANALYSIS = YES;
				CLANG_WARN_STRICT_PROTOTYPES = YES;
				CLANG_WARN_SUSPICIOUS_MOVE = YES;
				CLANG_WARN_UNGUARDED_AVAILABILITY = YES_AGGRESSIVE;
				CLANG_WARN_UNREACHABLE_CODE = YES;
				CLANG_WARN__DUPLICATE_METHOD_MATCH = YES;
				COPY_PHASE_STRIP = NO;
				DEBUG_INFORMATION_FORMAT = "dwarf-with-dsym";
				ENABLE_NS_ASSERTIONS = NO;
				ENABLE_STRICT_OBJC_MSGSEND = YES;
				ENABLE_USER_SCRIPT_SANDBOXING = YES;
				GCC_C_LANGUAGE_STANDARD = gnu17;
				GCC_NO_COMMON_BLOCKS = YES;
				GCC_WARN_64_TO_32_BIT_CONVERSION = YES;
				GCC_WARN_ABOUT_RETURN_TYPE = YES_ERROR;
				GCC_WARN_UNDECLARED_SELECTOR = YES;
				GCC_WARN_UNINITIALIZED_AUTOS = YES_AGGRESSIVE;
				GCC_WARN_UNUSED_FUNCTION = YES;
				GCC_WARN_UNUSED_VARIABLE = YES;
				IPHONEOS_DEPLOYMENT_TARGET = 17.0;
				LOCALIZATION_PREFERS_STRING_CATALOGS = YES;
				MTL_ENABLE_DEBUG_INFO = NO;
				MTL_FAST_MATH = YES;
				SDKROOT = iphoneos;
				SWIFT_COMPILATION_MODE = wholemodule;
				VALIDATE_PRODUCT = YES;
			};
			name = Release;
		};
		08A61D7A2C02AF1E00767CB0 /* Debug */ = {
			isa = XCBuildConfiguration;
			buildSettings = {
				ASSETCATALOG_COMPILER_APPICON_NAME = AppIcon;
				ASSETCATALOG_COMPILER_GLOBAL_ACCENT_COLOR_NAME = AccentColor;
				CODE_SIGN_STYLE = Automatic;
				CURRENT_PROJECT_VERSION = 1;
				DEVELOPMENT_ASSET_PATHS = "\"CatApp/Preview Content\"";
				DEVELOPMENT_TEAM = N483G6TVAZ;
				ENABLE_PREVIEWS = YES;
				GENERATE_INFOPLIST_FILE = YES;
				INFOPLIST_KEY_UIApplicationSceneManifest_Generation = YES;
				INFOPLIST_KEY_UIApplicationSupportsIndirectInputEvents = YES;
				INFOPLIST_KEY_UILaunchScreen_Generation = YES;
				INFOPLIST_KEY_UISupportedInterfaceOrientations = UIInterfaceOrientationPortrait;
				INFOPLIST_KEY_UISupportedInterfaceOrientations_iPad = "UIInterfaceOrientationLandscapeLeft UIInterfaceOrientationLandscapeRight UIInterfaceOrientationPortrait UIInterfaceOrientationPortraitUpsideDown";
				LD_RUNPATH_SEARCH_PATHS = (
					"$(inherited)",
					"@executable_path/Frameworks",
				);
				MARKETING_VERSION = 1.0;
				PRODUCT_BUNDLE_IDENTIFIER = fatimabk.CatApp;
				PRODUCT_NAME = "$(TARGET_NAME)";
				SUPPORTED_PLATFORMS = "iphoneos iphonesimulator";
				SUPPORTS_MACCATALYST = NO;
				SUPPORTS_MAC_DESIGNED_FOR_IPHONE_IPAD = NO;
				SWIFT_EMIT_LOC_STRINGS = YES;
				SWIFT_VERSION = 5.0;
				TARGETED_DEVICE_FAMILY = 1;
			};
			name = Debug;
		};
		08A61D7B2C02AF1E00767CB0 /* Release */ = {
			isa = XCBuildConfiguration;
			buildSettings = {
				ASSETCATALOG_COMPILER_APPICON_NAME = AppIcon;
				ASSETCATALOG_COMPILER_GLOBAL_ACCENT_COLOR_NAME = AccentColor;
				CODE_SIGN_STYLE = Automatic;
				CURRENT_PROJECT_VERSION = 1;
				DEVELOPMENT_ASSET_PATHS = "\"CatApp/Preview Content\"";
				DEVELOPMENT_TEAM = N483G6TVAZ;
				ENABLE_PREVIEWS = YES;
				GENERATE_INFOPLIST_FILE = YES;
				INFOPLIST_KEY_UIApplicationSceneManifest_Generation = YES;
				INFOPLIST_KEY_UIApplicationSupportsIndirectInputEvents = YES;
				INFOPLIST_KEY_UILaunchScreen_Generation = YES;
				INFOPLIST_KEY_UISupportedInterfaceOrientations = UIInterfaceOrientationPortrait;
				INFOPLIST_KEY_UISupportedInterfaceOrientations_iPad = "UIInterfaceOrientationLandscapeLeft UIInterfaceOrientationLandscapeRight UIInterfaceOrientationPortrait UIInterfaceOrientationPortraitUpsideDown";
				LD_RUNPATH_SEARCH_PATHS = (
					"$(inherited)",
					"@executable_path/Frameworks",
				);
				MARKETING_VERSION = 1.0;
				PRODUCT_BUNDLE_IDENTIFIER = fatimabk.CatApp;
				PRODUCT_NAME = "$(TARGET_NAME)";
				SUPPORTED_PLATFORMS = "iphoneos iphonesimulator";
				SUPPORTS_MACCATALYST = NO;
				SUPPORTS_MAC_DESIGNED_FOR_IPHONE_IPAD = NO;
				SWIFT_EMIT_LOC_STRINGS = YES;
				SWIFT_VERSION = 5.0;
				TARGETED_DEVICE_FAMILY = 1;
			};
			name = Release;
		};
		08A61D7D2C02AF1E00767CB0 /* Debug */ = {
			isa = XCBuildConfiguration;
			buildSettings = {
				ALWAYS_EMBED_SWIFT_STANDARD_LIBRARIES = YES;
				BUNDLE_LOADER = "$(TEST_HOST)";
				CODE_SIGN_STYLE = Automatic;
				CURRENT_PROJECT_VERSION = 1;
				DEVELOPMENT_TEAM = N483G6TVAZ;
				GENERATE_INFOPLIST_FILE = YES;
				IPHONEOS_DEPLOYMENT_TARGET = 17.0;
				MARKETING_VERSION = 1.0;
				PRODUCT_BUNDLE_IDENTIFIER = fatimabk.CatAppTests;
				PRODUCT_NAME = "$(TARGET_NAME)";
				SWIFT_EMIT_LOC_STRINGS = NO;
				SWIFT_VERSION = 5.0;
				TARGETED_DEVICE_FAMILY = "1,2";
				TEST_HOST = "$(BUILT_PRODUCTS_DIR)/CatApp.app/$(BUNDLE_EXECUTABLE_FOLDER_PATH)/CatApp";
			};
			name = Debug;
		};
		08A61D7E2C02AF1E00767CB0 /* Release */ = {
			isa = XCBuildConfiguration;
			buildSettings = {
				ALWAYS_EMBED_SWIFT_STANDARD_LIBRARIES = YES;
				BUNDLE_LOADER = "$(TEST_HOST)";
				CODE_SIGN_STYLE = Automatic;
				CURRENT_PROJECT_VERSION = 1;
				DEVELOPMENT_TEAM = N483G6TVAZ;
				GENERATE_INFOPLIST_FILE = YES;
				IPHONEOS_DEPLOYMENT_TARGET = 17.0;
				MARKETING_VERSION = 1.0;
				PRODUCT_BUNDLE_IDENTIFIER = fatimabk.CatAppTests;
				PRODUCT_NAME = "$(TARGET_NAME)";
				SWIFT_EMIT_LOC_STRINGS = NO;
				SWIFT_VERSION = 5.0;
				TARGETED_DEVICE_FAMILY = "1,2";
				TEST_HOST = "$(BUILT_PRODUCTS_DIR)/CatApp.app/$(BUNDLE_EXECUTABLE_FOLDER_PATH)/CatApp";
			};
			name = Release;
		};
		08A61D802C02AF1E00767CB0 /* Debug */ = {
			isa = XCBuildConfiguration;
			buildSettings = {
				ALWAYS_EMBED_SWIFT_STANDARD_LIBRARIES = YES;
				CODE_SIGN_STYLE = Automatic;
				CURRENT_PROJECT_VERSION = 1;
				DEVELOPMENT_TEAM = N483G6TVAZ;
				GENERATE_INFOPLIST_FILE = YES;
				MARKETING_VERSION = 1.0;
				PRODUCT_BUNDLE_IDENTIFIER = fatimabk.CatAppUITests;
				PRODUCT_NAME = "$(TARGET_NAME)";
				SWIFT_EMIT_LOC_STRINGS = NO;
				SWIFT_VERSION = 5.0;
				TARGETED_DEVICE_FAMILY = "1,2";
				TEST_TARGET_NAME = CatApp;
			};
			name = Debug;
		};
		08A61D812C02AF1E00767CB0 /* Release */ = {
			isa = XCBuildConfiguration;
			buildSettings = {
				ALWAYS_EMBED_SWIFT_STANDARD_LIBRARIES = YES;
				CODE_SIGN_STYLE = Automatic;
				CURRENT_PROJECT_VERSION = 1;
				DEVELOPMENT_TEAM = N483G6TVAZ;
				GENERATE_INFOPLIST_FILE = YES;
				MARKETING_VERSION = 1.0;
				PRODUCT_BUNDLE_IDENTIFIER = fatimabk.CatAppUITests;
				PRODUCT_NAME = "$(TARGET_NAME)";
				SWIFT_EMIT_LOC_STRINGS = NO;
				SWIFT_VERSION = 5.0;
				TARGETED_DEVICE_FAMILY = "1,2";
				TEST_TARGET_NAME = CatApp;
			};
			name = Release;
		};
/* End XCBuildConfiguration section */

/* Begin XCConfigurationList section */
		08A61D502C02AF1C00767CB0 /* Build configuration list for PBXProject "CatApp" */ = {
			isa = XCConfigurationList;
			buildConfigurations = (
				08A61D772C02AF1E00767CB0 /* Debug */,
				08A61D782C02AF1E00767CB0 /* Release */,
			);
			defaultConfigurationIsVisible = 0;
			defaultConfigurationName = Release;
		};
		08A61D792C02AF1E00767CB0 /* Build configuration list for PBXNativeTarget "CatApp" */ = {
			isa = XCConfigurationList;
			buildConfigurations = (
				08A61D7A2C02AF1E00767CB0 /* Debug */,
				08A61D7B2C02AF1E00767CB0 /* Release */,
			);
			defaultConfigurationIsVisible = 0;
			defaultConfigurationName = Release;
		};
		08A61D7C2C02AF1E00767CB0 /* Build configuration list for PBXNativeTarget "CatAppTests" */ = {
			isa = XCConfigurationList;
			buildConfigurations = (
				08A61D7D2C02AF1E00767CB0 /* Debug */,
				08A61D7E2C02AF1E00767CB0 /* Release */,
			);
			defaultConfigurationIsVisible = 0;
			defaultConfigurationName = Release;
		};
		08A61D7F2C02AF1E00767CB0 /* Build configuration list for PBXNativeTarget "CatAppUITests" */ = {
			isa = XCConfigurationList;
			buildConfigurations = (
				08A61D802C02AF1E00767CB0 /* Debug */,
				08A61D812C02AF1E00767CB0 /* Release */,
			);
			defaultConfigurationIsVisible = 0;
			defaultConfigurationName = Release;
		};
/* End XCConfigurationList section */
	};
	rootObject = 08A61D4D2C02AF1C00767CB0 /* Project object */;
}
